# THIS IS AN AUTOGENERATED FILE. DO NOT EDIT THIS FILE DIRECTLY.
# yarn lockfile v1


backbone.cocktail@^0.5.15:
  version "0.5.15"
  resolved "https://registry.yarnpkg.com/backbone.cocktail/-/backbone.cocktail-0.5.15.tgz#339151fc1a6bcee926e9c06a81cc2ce786b63461"
  integrity sha1-M5FR/Bprzukm6cBqgcws54a2NGE=
  dependencies:
    underscore "^1.8.3"

backbone.marionette@^4.1.2:
  version "4.1.2"
  resolved "https://registry.yarnpkg.com/backbone.marionette/-/backbone.marionette-4.1.2.tgz#55de74363219f6d5c343dab5bff6aeb20fc44419"
  integrity sha512-T8wWxZZnuYjylONTnWZsGsgXtdx2ZrE38pZWJI9LmPqzYK5j0T8uduapFO7OEpsW5rtdbBgwof30xhzAkbb5eQ==
  dependencies:
    backbone.radio "^2.0.0"

backbone.radio@^2.0.0:
  version "2.0.0"
  resolved "https://registry.yarnpkg.com/backbone.radio/-/backbone.radio-2.0.0.tgz#bbe8672b373e313f99f36d2fbcf583fe77d04f42"
  integrity sha1-u+hnKzc+MT+Z820vvPWD/nfQT0I=

backbone.stickit@^0.9.2:
  version "0.9.2"
  resolved "https://registry.yarnpkg.com/backbone.stickit/-/backbone.stickit-0.9.2.tgz#d78fc407c8cdd1e01c1ebba9262d4206db6f034f"
  integrity sha1-14/EB8jN0eAcHrupJi1CBttvA08=
  dependencies:
    backbone ">=1.0.0"
    underscore ">=1.4.2"

backbone@>=1.0.0, backbone@^1.4.0:
  version "1.4.0"
  resolved "https://registry.yarnpkg.com/backbone/-/backbone-1.4.0.tgz#54db4de9df7c3811c3f032f34749a4cd27f3bd12"
  integrity sha512-RLmDrRXkVdouTg38jcgHhyQ/2zjg7a8E6sz2zxfz21Hh17xDJYUHBZimVIt5fUyS8vbfpeSmTL3gUjTEvUV3qQ==
  dependencies:
    underscore ">=1.8.3"

"chemistry-client@file:../../../../../var/www/croucher/cms_client":
  version "2.0.1"
  dependencies:
    backbone "^1.4.0"
    backbone.cocktail "^0.5.15"
    backbone.marionette "^4.1.2"
    backbone.radio "^2.0.0"
    backbone.stickit "^0.9.2"
    jquery "^3.4.0"
    medium-editor "^5.23.3"
    underscore "^1.9.1"

jquery@^3.4.0:
  version "3.5.1"
  resolved "https://registry.yarnpkg.com/jquery/-/jquery-3.5.1.tgz#d7b4d08e1bfdb86ad2f1a3d039ea17304717abb5"
  integrity sha512-XwIBPqcMn57FxfT+Go5pzySnm4KWkT1Tv7gjrpT1srtf8Weynl6R273VJ5GjkRb51IzMp5nbaPjJXMWeju2MKg==

medium-editor@^5.23.3:
  version "5.23.3"
  resolved "https://registry.yarnpkg.com/medium-editor/-/medium-editor-5.23.3.tgz#6fb638759ae2fc76c423feb056f346d9c518d3b7"
  integrity sha512-he9/TdjX8f8MGdXGfCs8AllrYnqXJJvjNkDKmPg3aPW/uoIrlRqtkFthrwvmd+u4QyzEiadhCCM0EwTiRdUCJw==

underscore@>=1.4.2, underscore@>=1.8.3, underscore@^1.8.3, underscore@^1.9.1:
  version "1.10.2"
  resolved "https://registry.yarnpkg.com/underscore/-/underscore-1.10.2.tgz#73d6aa3668f3188e4adb0f1943bd12cfd7efaaaf"
  integrity sha512-N4P+Q/BuyuEKFJ43B9gYuOj4TQUHXX+j2FqguVOpjkssLUUrnJofCcBccJSCoeturDoZU6GorDTHSvUDlSQbTg==
